{
  "name": "jsoncrack-monorepo",
  "lockfileVersion": 3,
  "requires": true,
  "packages": {
    "": {
      "name": "jsoncrack-monorepo",
      "license": "Apache-2.0",
      "devDependencies": {
        "turbo": "^2.8.20"
      },
      "engines": {
        "node": ">=24",
        "pnpm": ">=10"
      }
    },
    "node_modules/@turbo/darwin-64": {
      "version": "2.9.14",
      "resolved": "https://registry.npmjs.org/@turbo/darwin-64/-/darwin-64-2.9.14.tgz",
      "integrity": "sha512-t7QiPflaEyBE4oayeZtSmu4mEfjgIrcNlNNl1z1dmIVPqEdtA7+CfTf8d7KXsOGPh6aNgWjKxyvQg9uGfDQF+A==",
      "cpu": [
        "x64"
      ],
      "dev": true,
      "license": "MIT",
      "optional": true,
      "os": [
        "darwin"
      ]
    },
    "node_modules/@turbo/darwin-arm64": {
      "version": "2.9.14",
      "resolved": "https://registry.npmjs.org/@turbo/darwin-arm64/-/darwin-arm64-2.9.14.tgz",
      "integrity": "sha512-d23147mC9BsCPA9mJ0h/ubcpbRgcJBXbcG3+Vq7YLhjz3IXuvQsJ1UXH8f4MD76ZjJ4m/E4aRdJV+MW88CDfbw==",
      "cpu": [
        "arm64"
      ],
      "dev": true,
      "license": "MIT",
      "optional": true,
      "os": [
        "darwin"
      ]
    },
    "node_modules/@turbo/linux-64": {
      "version": "2.9.14",
      "resolved": "https://registry.npmjs.org/@turbo/linux-64/-/linux-64-2.9.14.tgz",
      "integrity": "sha512-P3ZKB5tuUDdDQWuAsACGUR1qv9W7BNWxdxqVJ0kZNuNNPRaVYTPPikLcp79+GiEcW3npsR+KyP38lnQiBc5aSA==",
      "cpu": [
        "x64"
      ],
      "dev": true,
      "license": "MIT",
      "optional": true,
      "os": [
        "linux"
      ]
    },
    "node_modules/@turbo/linux-arm64": {
      "version": "2.9.14",
      "resolved": "https://registry.npmjs.org/@turbo/linux-arm64/-/linux-arm64-2.9.14.tgz",
      "integrity": "sha512-ZRTlzcUMrrPv9ZuDzRF9n60Ym13bKeG9jDB8WjxyLhWNzV+AJQN+zdpIk3NJYf2zQsGUm1mNar2P0elRzLw25g==",
      "cpu": [
        "arm64"
      ],
      "dev": true,
      "license": "MIT",
      "optional": true,
      "os": [
        "linux"
      ]
    },
    "node_modules/@turbo/windows-64": {
      "version": "2.9.14",
      "resolved": "https://registry.npmjs.org/@turbo/windows-64/-/windows-64-2.9.14.tgz",
      "integrity": "sha512-exanwN6sIduZwykYeiTQj8kCmOhazP5WOz3bvXMcYtjhL6Z3iRWLewKrXCBq0bqwSP3iBMb/AerRCnHI4lx46A==",
      "cpu": [
        "x64"
      ],
      "dev": true,
      "license": "MIT",
      "optional": true,
      "os": [
        "win32"
      ]
    },
    "node_modules/@turbo/windows-arm64": {
      "version": "2.9.14",
      "resolved": "https://registry.npmjs.org/@turbo/windows-arm64/-/windows-arm64-2.9.14.tgz",
      "integrity": "sha512-fVdCsnmYoKICsycbWuuGp6Jvi51/3G/UluFWuAUCvR8PIW5IJkAk5BM9UF8PSm0Q2IphWHFZjYEgjHsh3B9y/g==",
      "cpu": [
        "arm64"
      ],
      "dev": true,
      "license": "MIT",
      "optional": true,
      "os": [
        "win32"
      ]
    },
    "node_modules/turbo": {
      "version": "2.9.14",
      "resolved": "https://registry.npmjs.org/turbo/-/turbo-2.9.14.tgz",
      "integrity": "sha512-BQqXRr4UoWI3UPFrtznCLykYHxwxWh53iCB57x092jPMjIlW1wnm3N895g5irpiXmnxUhREBB0n6+y8BHhs4nw==",
      "dev": true,
      "license": "MIT",
      "bin": {
        "turbo": "bin/turbo"
      },
      "optionalDependencies": {
        "@turbo/darwin-64": "2.9.14",
        "@turbo/darwin-arm64": "2.9.14",
        "@turbo/linux-64": "2.9.14",
        "@turbo/linux-arm64": "2.9.14",
        "@turbo/windows-64": "2.9.14",
        "@turbo/windows-arm64": "2.9.14"
      }
    }
  }
}
